
Microsoft Visual Studio Solution File, Format Version 12.00
# Visual Studio Version 16
VisualStudioVersion = 16.0.34601.136
MinimumVisualStudioVersion = 10.0.40219.1
Project("{FAE04EC0-301F-11D3-BF4B-00C04F79EFBC}") = "InputAssignment", "InputAssignment\InputAssignment.csproj", "{CDA8E21B-8F08-434E-89A4-3672649B9B68}"
EndProject
Global
	GlobalSection(SolutionConfigurationPlatforms) = preSolution
		Debug|Any CPU = Debug|Any CPU
		Release|Any CPU = Release|Any CPU
	EndGlobalSection
	GlobalSection(ProjectConfigurationPlatforms) = postSolution
		{CDA8E21B-8F08-434E-89A4-3672649B9B68}.Debug|Any CPU.ActiveCfg = Debug|Any CPU
		{CDA8E21B-8F08-434E-89A4-3672649B9B68}.Debug|Any CPU.Build.0 = Debug|Any CPU
		{CDA8E21B-8F08-434E-89A4-3672649B9B68}.Release|Any CPU.ActiveCfg = Release|Any CPU
		{CDA8E21B-8F08-434E-89A4-3672649B9B68}.Release|Any CPU.Build.0 = Release|Any CPU
	EndGlobalSection
	GlobalSection(SolutionProperties) = preSolution
		HideSolutionNode = FALSE
	EndGlobalSection
	GlobalSection(ExtensibilityGlobals) = postSolution
		SolutionGuid = {508974BD-9492-4076-A2A3-D773B31AD962}
	EndGlobalSection
EndGlobal
