
Microsoft Visual Studio Solution File, Format Version 12.00
# Visual Studio Version 16
VisualStudioVersion = 16.0.34601.136
MinimumVisualStudioVersion = 10.0.40219.1
Project("{FAE04EC0-301F-11D3-BF4B-00C04F79EFBC}") = "ConsoleAppSixParts", "ConsoleAppSixParts\ConsoleAppSixParts.csproj", "{CA73FD4E-FE11-4D47-9858-75EF1667BF75}"
EndProject
Global
	GlobalSection(SolutionConfigurationPlatforms) = preSolution
		Debug|Any CPU = Debug|Any CPU
		Release|Any CPU = Release|Any CPU
	EndGlobalSection
	GlobalSection(ProjectConfigurationPlatforms) = postSolution
		{CA73FD4E-FE11-4D47-9858-75EF1667BF75}.Debug|Any CPU.ActiveCfg = Debug|Any CPU
		{CA73FD4E-FE11-4D47-9858-75EF1667BF75}.Debug|Any CPU.Build.0 = Debug|Any CPU
		{CA73FD4E-FE11-4D47-9858-75EF1667BF75}.Release|Any CPU.ActiveCfg = Release|Any CPU
		{CA73FD4E-FE11-4D47-9858-75EF1667BF75}.Release|Any CPU.Build.0 = Release|Any CPU
	EndGlobalSection
	GlobalSection(SolutionProperties) = preSolution
		HideSolutionNode = FALSE
	EndGlobalSection
	GlobalSection(ExtensibilityGlobals) = postSolution
		SolutionGuid = {AC7A24B5-9E98-480F-89A5-2DA29C91F674}
	EndGlobalSection
EndGlobal
