
Microsoft Visual Studio Solution File, Format Version 12.00
# Visual Studio Version 16
VisualStudioVersion = 16.0.34601.136
MinimumVisualStudioVersion = 10.0.40219.1
Project("{FAE04EC0-301F-11D3-BF4B-00C04F79EFBC}") = "StructAssignment", "StructAssignment\StructAssignment.csproj", "{1319F682-7D05-4D7E-8330-8E6E9906999A}"
EndProject
Global
	GlobalSection(SolutionConfigurationPlatforms) = preSolution
		Debug|Any CPU = Debug|Any CPU
		Release|Any CPU = Release|Any CPU
	EndGlobalSection
	GlobalSection(ProjectConfigurationPlatforms) = postSolution
		{1319F682-7D05-4D7E-8330-8E6E9906999A}.Debug|Any CPU.ActiveCfg = Debug|Any CPU
		{1319F682-7D05-4D7E-8330-8E6E9906999A}.Debug|Any CPU.Build.0 = Debug|Any CPU
		{1319F682-7D05-4D7E-8330-8E6E9906999A}.Release|Any CPU.ActiveCfg = Release|Any CPU
		{1319F682-7D05-4D7E-8330-8E6E9906999A}.Release|Any CPU.Build.0 = Release|Any CPU
	EndGlobalSection
	GlobalSection(SolutionProperties) = preSolution
		HideSolutionNode = FALSE
	EndGlobalSection
	GlobalSection(ExtensibilityGlobals) = postSolution
		SolutionGuid = {9BF3FB19-0F56-4C87-81CD-FAC0BE75B89E}
	EndGlobalSection
EndGlobal
