
Microsoft Visual Studio Solution File, Format Version 12.00
# Visual Studio Version 16
VisualStudioVersion = 16.0.34601.136
MinimumVisualStudioVersion = 10.0.40219.1
Project("{FAE04EC0-301F-11D3-BF4B-00C04F79EFBC}") = "HelloWorld", "HelloWorld\HelloWorld.csproj", "{EF057E6B-A0F0-4041-B062-1290573EBC02}"
EndProject
Global
	GlobalSection(SolutionConfigurationPlatforms) = preSolution
		Debug|Any CPU = Debug|Any CPU
		Release|Any CPU = Release|Any CPU
	EndGlobalSection
	GlobalSection(ProjectConfigurationPlatforms) = postSolution
		{EF057E6B-A0F0-4041-B062-1290573EBC02}.Debug|Any CPU.ActiveCfg = Debug|Any CPU
		{EF057E6B-A0F0-4041-B062-1290573EBC02}.Debug|Any CPU.Build.0 = Debug|Any CPU
		{EF057E6B-A0F0-4041-B062-1290573EBC02}.Release|Any CPU.ActiveCfg = Release|Any CPU
		{EF057E6B-A0F0-4041-B062-1290573EBC02}.Release|Any CPU.Build.0 = Release|Any CPU
	EndGlobalSection
	GlobalSection(SolutionProperties) = preSolution
		HideSolutionNode = FALSE
	EndGlobalSection
	GlobalSection(ExtensibilityGlobals) = postSolution
		SolutionGuid = {A6D5C3BD-5CB5-401D-AFEC-735140D6645D}
	EndGlobalSection
EndGlobal
