
Microsoft Visual Studio Solution File, Format Version 12.00
# Visual Studio Version 16
VisualStudioVersion = 16.0.34601.136
MinimumVisualStudioVersion = 10.0.40219.1
Project("{FAE04EC0-301F-11D3-BF4B-00C04F79EFBC}") = "TwentyOne", "TwentyOne\TwentyOne.csproj", "{4BFDD143-B3BA-4A26-987A-E2E97DAEC10F}"
EndProject
Global
	GlobalSection(SolutionConfigurationPlatforms) = preSolution
		Debug|Any CPU = Debug|Any CPU
		Release|Any CPU = Release|Any CPU
	EndGlobalSection
	GlobalSection(ProjectConfigurationPlatforms) = postSolution
		{4BFDD143-B3BA-4A26-987A-E2E97DAEC10F}.Debug|Any CPU.ActiveCfg = Debug|Any CPU
		{4BFDD143-B3BA-4A26-987A-E2E97DAEC10F}.Debug|Any CPU.Build.0 = Debug|Any CPU
		{4BFDD143-B3BA-4A26-987A-E2E97DAEC10F}.Release|Any CPU.ActiveCfg = Release|Any CPU
		{4BFDD143-B3BA-4A26-987A-E2E97DAEC10F}.Release|Any CPU.Build.0 = Release|Any CPU
	EndGlobalSection
	GlobalSection(SolutionProperties) = preSolution
		HideSolutionNode = FALSE
	EndGlobalSection
	GlobalSection(ExtensibilityGlobals) = postSolution
		SolutionGuid = {DFED110F-20CC-41E8-A3D7-83A56322ABFB}
	EndGlobalSection
EndGlobal
