
Microsoft Visual Studio Solution File, Format Version 12.00
# Visual Studio Version 16
VisualStudioVersion = 16.0.34601.136
MinimumVisualStudioVersion = 10.0.40219.1
Project("{FAE04EC0-301F-11D3-BF4B-00C04F79EFBC}") = "MathAndComparisonOperators", "MathAndComparisonOperators\MathAndComparisonOperators.csproj", "{2E7AAA35-3E14-453F-B3E3-0E016028FF06}"
EndProject
Global
	GlobalSection(SolutionConfigurationPlatforms) = preSolution
		Debug|Any CPU = Debug|Any CPU
		Release|Any CPU = Release|Any CPU
	EndGlobalSection
	GlobalSection(ProjectConfigurationPlatforms) = postSolution
		{2E7AAA35-3E14-453F-B3E3-0E016028FF06}.Debug|Any CPU.ActiveCfg = Debug|Any CPU
		{2E7AAA35-3E14-453F-B3E3-0E016028FF06}.Debug|Any CPU.Build.0 = Debug|Any CPU
		{2E7AAA35-3E14-453F-B3E3-0E016028FF06}.Release|Any CPU.ActiveCfg = Release|Any CPU
		{2E7AAA35-3E14-453F-B3E3-0E016028FF06}.Release|Any CPU.Build.0 = Release|Any CPU
	EndGlobalSection
	GlobalSection(SolutionProperties) = preSolution
		HideSolutionNode = FALSE
	EndGlobalSection
	GlobalSection(ExtensibilityGlobals) = postSolution
		SolutionGuid = {B6DE66DB-2444-4CD3-A1B3-08692D51E3B7}
	EndGlobalSection
EndGlobal
