
Microsoft Visual Studio Solution File, Format Version 12.00
# Visual Studio Version 16
VisualStudioVersion = 16.0.34601.136
MinimumVisualStudioVersion = 10.0.40219.1
Project("{FAE04EC0-301F-11D3-BF4B-00C04F79EFBC}") = "PolymorphismAssignment", "PolymorphismAssignment\PolymorphismAssignment.csproj", "{2366E04A-F9AD-4B18-8982-A54328941C0B}"
EndProject
Global
	GlobalSection(SolutionConfigurationPlatforms) = preSolution
		Debug|Any CPU = Debug|Any CPU
		Release|Any CPU = Release|Any CPU
	EndGlobalSection
	GlobalSection(ProjectConfigurationPlatforms) = postSolution
		{2366E04A-F9AD-4B18-8982-A54328941C0B}.Debug|Any CPU.ActiveCfg = Debug|Any CPU
		{2366E04A-F9AD-4B18-8982-A54328941C0B}.Debug|Any CPU.Build.0 = Debug|Any CPU
		{2366E04A-F9AD-4B18-8982-A54328941C0B}.Release|Any CPU.ActiveCfg = Release|Any CPU
		{2366E04A-F9AD-4B18-8982-A54328941C0B}.Release|Any CPU.Build.0 = Release|Any CPU
	EndGlobalSection
	GlobalSection(SolutionProperties) = preSolution
		HideSolutionNode = FALSE
	EndGlobalSection
	GlobalSection(ExtensibilityGlobals) = postSolution
		SolutionGuid = {FB09CB54-6FCB-41C5-9D09-25B275E32925}
	EndGlobalSection
EndGlobal
