
Microsoft Visual Studio Solution File, Format Version 12.00
# Visual Studio Version 16
VisualStudioVersion = 16.0.34601.136
MinimumVisualStudioVersion = 10.0.40219.1
Project("{FAE04EC0-301F-11D3-BF4B-00C04F79EFBC}") = "BooleanLogic", "BooleanLogic\BooleanLogic.csproj", "{8D1E2614-864B-45CE-98CB-240355626C08}"
EndProject
Global
	GlobalSection(SolutionConfigurationPlatforms) = preSolution
		Debug|Any CPU = Debug|Any CPU
		Release|Any CPU = Release|Any CPU
	EndGlobalSection
	GlobalSection(ProjectConfigurationPlatforms) = postSolution
		{8D1E2614-864B-45CE-98CB-240355626C08}.Debug|Any CPU.ActiveCfg = Debug|Any CPU
		{8D1E2614-864B-45CE-98CB-240355626C08}.Debug|Any CPU.Build.0 = Debug|Any CPU
		{8D1E2614-864B-45CE-98CB-240355626C08}.Release|Any CPU.ActiveCfg = Release|Any CPU
		{8D1E2614-864B-45CE-98CB-240355626C08}.Release|Any CPU.Build.0 = Release|Any CPU
	EndGlobalSection
	GlobalSection(SolutionProperties) = preSolution
		HideSolutionNode = FALSE
	EndGlobalSection
	GlobalSection(ExtensibilityGlobals) = postSolution
		SolutionGuid = {5C908F7B-1A98-4DE0-B55B-0C4B39682954}
	EndGlobalSection
EndGlobal
