
Microsoft Visual Studio Solution File, Format Version 12.00
# Visual Studio Version 16
VisualStudioVersion = 16.0.34601.136
MinimumVisualStudioVersion = 10.0.40219.1
Project("{FAE04EC0-301F-11D3-BF4B-00C04F79EFBC}") = "ParametersAssignment", "ParametersAssignment\ParametersAssignment.csproj", "{8A172ADD-E687-440F-9125-AF163D4E510B}"
EndProject
Global
	GlobalSection(SolutionConfigurationPlatforms) = preSolution
		Debug|Any CPU = Debug|Any CPU
		Release|Any CPU = Release|Any CPU
	EndGlobalSection
	GlobalSection(ProjectConfigurationPlatforms) = postSolution
		{8A172ADD-E687-440F-9125-AF163D4E510B}.Debug|Any CPU.ActiveCfg = Debug|Any CPU
		{8A172ADD-E687-440F-9125-AF163D4E510B}.Debug|Any CPU.Build.0 = Debug|Any CPU
		{8A172ADD-E687-440F-9125-AF163D4E510B}.Release|Any CPU.ActiveCfg = Release|Any CPU
		{8A172ADD-E687-440F-9125-AF163D4E510B}.Release|Any CPU.Build.0 = Release|Any CPU
	EndGlobalSection
	GlobalSection(SolutionProperties) = preSolution
		HideSolutionNode = FALSE
	EndGlobalSection
	GlobalSection(ExtensibilityGlobals) = postSolution
		SolutionGuid = {A60D5ACE-214A-4466-81FE-A43EB90663D3}
	EndGlobalSection
EndGlobal
