
Microsoft Visual Studio Solution File, Format Version 12.00
# Visual Studio Version 16
VisualStudioVersion = 16.0.34729.46
MinimumVisualStudioVersion = 10.0.40219.1
Project("{FAE04EC0-301F-11D3-BF4B-00C04F79EFBC}") = "EFCodeFirst", "EFCodeFirst\EFCodeFirst.csproj", "{D46C0284-7FBD-4B57-A084-7F971466B75C}"
EndProject
Global
	GlobalSection(SolutionConfigurationPlatforms) = preSolution
		Debug|Any CPU = Debug|Any CPU
		Release|Any CPU = Release|Any CPU
	EndGlobalSection
	GlobalSection(ProjectConfigurationPlatforms) = postSolution
		{D46C0284-7FBD-4B57-A084-7F971466B75C}.Debug|Any CPU.ActiveCfg = Debug|Any CPU
		{D46C0284-7FBD-4B57-A084-7F971466B75C}.Debug|Any CPU.Build.0 = Debug|Any CPU
		{D46C0284-7FBD-4B57-A084-7F971466B75C}.Release|Any CPU.ActiveCfg = Release|Any CPU
		{D46C0284-7FBD-4B57-A084-7F971466B75C}.Release|Any CPU.Build.0 = Release|Any CPU
	EndGlobalSection
	GlobalSection(SolutionProperties) = preSolution
		HideSolutionNode = FALSE
	EndGlobalSection
	GlobalSection(ExtensibilityGlobals) = postSolution
		SolutionGuid = {65C69BB2-8859-49D9-99A1-A9C023F2607A}
	EndGlobalSection
EndGlobal
